
Microsoft Visual Studio Solution File, Format Version 12.00
# Visual Studio Version 16
VisualStudioVersion = 16.0.30413.136
MinimumVisualStudioVersion = 10.0.40219.1
Project("{FAE04EC0-301F-11D3-BF4B-00C04F79EFBC}") = "Valeria Kolossova", "Valeria Kolossova\Valeria Kolossova.csproj", "{DE2A1AF0-F8B6-46A5-AB1A-10EEC338DE43}"
EndProject
Global
	GlobalSection(SolutionConfigurationPlatforms) = preSolution
		Debug|Any CPU = Debug|Any CPU
		Release|Any CPU = Release|Any CPU
	EndGlobalSection
	GlobalSection(ProjectConfigurationPlatforms) = postSolution
		{DE2A1AF0-F8B6-46A5-AB1A-10EEC338DE43}.Debug|Any CPU.ActiveCfg = Debug|Any CPU
		{DE2A1AF0-F8B6-46A5-AB1A-10EEC338DE43}.Debug|Any CPU.Build.0 = Debug|Any CPU
		{DE2A1AF0-F8B6-46A5-AB1A-10EEC338DE43}.Release|Any CPU.ActiveCfg = Release|Any CPU
		{DE2A1AF0-F8B6-46A5-AB1A-10EEC338DE43}.Release|Any CPU.Build.0 = Release|Any CPU
	EndGlobalSection
	GlobalSection(SolutionProperties) = preSolution
		HideSolutionNode = FALSE
	EndGlobalSection
	GlobalSection(ExtensibilityGlobals) = postSolution
		SolutionGuid = {02FE927F-987F-4A99-B581-F28F1CBD543E}
	EndGlobalSection
EndGlobal
